// !$*UTF8*$!
{
	archiveVersion = 1;
	classes = {
	};
	objectVersion = 50;
	objects = {

/* Begin PBXBuildFile section */
		AE2F0608211DF558003CB348 /* AppDelegate.swift in Sources */ = {isa = PBXBuildFile; fileRef = AE2F0607211DF558003CB348 /* AppDelegate.swift */; };
		AE2F060A211DF558003CB348 /* ViewController.swift in Sources */ = {isa = PBXBuildFile; fileRef = AE2F0609211DF558003CB348 /* ViewController.swift */; };
		AE2F060D211DF558003CB348 /* Main.storyboard in Resources */ = {isa = PBXBuildFile; fileRef = AE2F060B211DF558003CB348 /* Main.storyboard */; };
		AE2F060F211DF55A003CB348 /* Assets.xcassets in Resources */ = {isa = PBXBuildFile; fileRef = AE2F060E211DF55A003CB348 /* Assets.xcassets */; };
		AE2F0612211DF55A003CB348 /* LaunchScreen.storyboard in Resources */ = {isa = PBXBuildFile; fileRef = AE2F0610211DF55A003CB348 /* LaunchScreen.storyboard */; };
		AE2F061D211DF55A003CB348 /* Green_CityUITests.swift in Sources */ = {isa = PBXBuildFile; fileRef = AE2F061C211DF55A003CB348 /* Green_CityUITests.swift */; };
/* End PBXBuildFile section */

/* Begin PBXContainerItemProxy section */
		AE2F0619211DF55A003CB348 /* PBXContainerItemProxy */ = {
			isa = PBXContainerItemProxy;
			containerPortal = AE2F05FC211DF558003CB348 /* Project object */;
			proxyType = 1;
			remoteGlobalIDString = AE2F0603211DF558003CB348;
			remoteInfo = "Green City";
		};
/* End PBXContainerItemProxy section */

/* Begin PBXFileReference section */
		AE2F0604211DF558003CB348 /* Green City.app */ = {isa = PBXFileReference; explicitFileType = wrapper.application; includeInIndex = 0; path = "Green City.app"; sourceTree = BUILT_PRODUCTS_DIR; };
		AE2F0607211DF558003CB348 /* AppDelegate.swift */ = {isa = PBXFileReference; lastKnownFileType = sourcecode.swift; path = AppDelegate.swift; sourceTree = "<group>"; };
		AE2F0609211DF558003CB348 /* ViewController.swift */ = {isa = PBXFileReference; lastKnownFileType = sourcecode.swift; path = ViewController.swift; sourceTree = "<group>"; };
		AE2F060C211DF558003CB348 /* Base */ = {isa = PBXFileReference; lastKnownFileType = file.storyboard; name = Base; path = Base.lproj/Main.storyboard; sourceTree = "<group>"; };
		AE2F060E211DF55A003CB348 /* Assets.xcassets */ = {isa = PBXFileReference; lastKnownFileType = folder.assetcatalog; path = Assets.xcassets; sourceTree = "<group>"; };
		AE2F0611211DF55A003CB348 /* Base */ = {isa = PBXFileReference; lastKnownFileType = file.storyboard; name = Base; path = Base.lproj/LaunchScreen.storyboard; sourceTree = "<group>"; };
		AE2F0613211DF55A003CB348 /* Info.plist */ = {isa = PBXFileReference; lastKnownFileType = text.plist.xml; path = Info.plist; sourceTree = "<group>"; };
		AE2F0618211DF55A003CB348 /* Green CityUITests.xctest */ = {isa = PBXFileReference; explicitFileType = wrapper.cfbundle; includeInIndex = 0; path = "Green CityUITests.xctest"; sourceTree = BUILT_PRODUCTS_DIR; };
		AE2F061C211DF55A003CB348 /* Green_CityUITests.swift */ = {isa = PBXFileReference; lastKnownFileType = sourcecode.swift; path = Green_CityUITests.swift; sourceTree = "<group>"; };
		AE2F061E211DF55A003CB348 /* Info.plist */ = {isa = PBXFileReference; lastKnownFileType = text.plist.xml; path = Info.plist; sourceTree = "<group>"; };
/* End PBXFileReference section */

/* Begin PBXFrameworksBuildPhase section */
		AE2F0601211DF558003CB348 /* Frameworks */ = {
			isa = PBXFrameworksBuildPhase;
			buildActionMask = 2147483647;
			files = (
			);
			runOnlyForDeploymentPostprocessing = 0;
		};
		AE2F0615211DF55A003CB348 /* Frameworks */ = {
			isa = PBXFrameworksBuildPhase;
			buildActionMask = 2147483647;
			files = (
			);
			runOnlyForDeploymentPostprocessing = 0;
		};
/* End PBXFrameworksBuildPhase section */

/* Begin PBXGroup section */
		AE2F05FB211DF558003CB348 = {
			isa = PBXGroup;
			children = (
				AE2F0606211DF558003CB348 /* Green City */,
				AE2F061B211DF55A003CB348 /* Green CityUITests */,
				AE2F0605211DF558003CB348 /* Products */,
			);
			sourceTree = "<group>";
		};
		AE2F0605211DF558003CB348 /* Products */ = {
			isa = PBXGroup;
			children = (
				AE2F0604211DF558003CB348 /* Green City.app */,
				AE2F0618211DF55A003CB348 /* Green CityUITests.xctest */,
			);
			name = Products;
			sourceTree = "<group>";
		};
		AE2F0606211DF558003CB348 /* Green City */ = {
			isa = PBXGroup;
			children = (
				AE2F0607211DF558003CB348 /* AppDelegate.swift */,
				AE2F0609211DF558003CB348 /* ViewController.swift */,
				AE2F060B211DF558003CB348 /* Main.storyboard */,
				AE2F060E211DF55A003CB348 /* Assets.xcassets */,
				AE2F0610211DF55A003CB348 /* LaunchScreen.storyboard */,
				AE2F0613211DF55A003CB348 /* Info.plist */,
			);
			path = "Green City";
			sourceTree = "<group>";
		};
		AE2F061B211DF55A003CB348 /* Green CityUITests */ = {
			isa = PBXGroup;
			children = (
				AE2F061C211DF55A003CB348 /* Green_CityUITests.swift */,
				AE2F061E211DF55A003CB348 /* Info.plist */,
			);
			path = "Green CityUITests";
			sourceTree = "<group>";
		};
/* End PBXGroup section */

/* Begin PBXNativeTarget section */
		AE2F0603211DF558003CB348 /* Green City */ = {
			isa = PBXNativeTarget;
			buildConfigurationList = AE2F0621211DF55A003CB348 /* Build configuration list for PBXNativeTarget "Green City" */;
			buildPhases = (
				AE2F0600211DF558003CB348 /* Sources */,
				AE2F0601211DF558003CB348 /* Frameworks */,
				AE2F0602211DF558003CB348 /* Resources */,
			);
			buildRules = (
			);
			dependencies = (
			);
			name = "Green City";
			productName = "Green City";
			productReference = AE2F0604211DF558003CB348 /* Green City.app */;
			productType = "com.apple.product-type.application";
		};
		AE2F0617211DF55A003CB348 /* Green CityUITests */ = {
			isa = PBXNativeTarget;
			buildConfigurationList = AE2F0624211DF55A003CB348 /* Build configuration list for PBXNativeTarget "Green CityUITests" */;
			buildPhases = (
				AE2F0614211DF55A003CB348 /* Sources */,
				AE2F0615211DF55A003CB348 /* Frameworks */,
				AE2F0616211DF55A003CB348 /* Resources */,
			);
			buildRules = (
			);
			dependencies = (
				AE2F061A211DF55A003CB348 /* PBXTargetDependency */,
			);
			name = "Green CityUITests";
			productName = "Green CityUITests";
			productReference = AE2F0618211DF55A003CB348 /* Green CityUITests.xctest */;
			productType = "com.apple.product-type.bundle.ui-testing";
		};
/* End PBXNativeTarget section */

/* Begin PBXProject section */
		AE2F05FC211DF558003CB348 /* Project object */ = {
			isa = PBXProject;
			attributes = {
				LastSwiftUpdateCheck = 0940;
				LastUpgradeCheck = 0940;
				ORGANIZATIONNAME = "Bogdan Ilic";
				TargetAttributes = {
					AE2F0603211DF558003CB348 = {
						CreatedOnToolsVersion = 9.4.1;
					};
					AE2F0617211DF55A003CB348 = {
						CreatedOnToolsVersion = 9.4.1;
						TestTargetID = AE2F0603211DF558003CB348;
					};
				};
			};
			buildConfigurationList = AE2F05FF211DF558003CB348 /* Build configuration list for PBXProject "Green City" */;
			compatibilityVersion = "Xcode 9.3";
			developmentRegion = en;
			hasScannedForEncodings = 0;
			knownRegions = (
				en,
				Base,
			);
			mainGroup = AE2F05FB211DF558003CB348;
			productRefGroup = AE2F0605211DF558003CB348 /* Products */;
			projectDirPath = "";
			projectRoot = "";
			targets = (
				AE2F0603211DF558003CB348 /* Green City */,
				AE2F0617211DF55A003CB348 /* Green CityUITests */,
			);
		};
/* End PBXProject section */

/* Begin PBXResourcesBuildPhase section */
		AE2F0602211DF558003CB348 /* Resources */ = {
			isa = PBXResourcesBuildPhase;
			buildActionMask = 2147483647;
			files = (
				AE2F0612211DF55A003CB348 /* LaunchScreen.storyboard in Resources */,
				AE2F060F211DF55A003CB348 /* Assets.xcassets in Resources */,
				AE2F060D211DF558003CB348 /* Main.storyboard in Resources */,
			);
			runOnlyForDeploymentPostprocessing = 0;
		};
		AE2F0616211DF55A003CB348 /* Resources */ = {
			isa = PBXResourcesBuildPhase;
			buildActionMask = 2147483647;
			files = (
			);
			runOnlyForDeploymentPostprocessing = 0;
		};
/* End PBXResourcesBuildPhase section */

/* Begin PBXSourcesBuildPhase section */
		AE2F0600211DF558003CB348 /* Sources */ = {
			isa = PBXSourcesBuildPhase;
			buildActionMask = 2147483647;
			files = (
				AE2F060A211DF558003CB348 /* ViewController.swift in Sources */,
				AE2F0608211DF558003CB348 /* AppDelegate.swift in Sources */,
			);
			runOnlyForDeploymentPostprocessing = 0;
		};
		AE2F0614211DF55A003CB348 /* Sources */ = {
			isa = PBXSourcesBuildPhase;
			buildActionMask = 2147483647;
			files = (
				AE2F061D211DF55A003CB348 /* Green_CityUITests.swift in Sources */,
			);
			runOnlyForDeploymentPostprocessing = 0;
		};
/* End PBXSourcesBuildPhase section */

/* Begin PBXTargetDependency section */
		AE2F061A211DF55A003CB348 /* PBXTargetDependency */ = {
			isa = PBXTargetDependency;
			target = AE2F0603211DF558003CB348 /* Green City */;
			targetProxy = AE2F0619211DF55A003CB348 /* PBXContainerItemProxy */;
		};
/* End PBXTargetDependency section */

/* Begin PBXVariantGroup section */
		AE2F060B211DF558003CB348 /* Main.storyboard */ = {
			isa = PBXVariantGroup;
			children = (
				AE2F060C211DF558003CB348 /* Base */,
			);
			name = Main.storyboard;
			sourceTree = "<group>";
		};
		AE2F0610211DF55A003CB348 /* LaunchScreen.storyboard */ = {
			isa = PBXVariantGroup;
			children = (
				AE2F0611211DF55A003CB348 /* Base */,
			);
			name = LaunchScreen.storyboard;
			sourceTree = "<group>";
		};
/* End PBXVariantGroup section */

/* Begin XCBuildConfiguration section */
		AE2F061F211DF55A003CB348 /* Debug */ = {
			isa = XCBuildConfiguration;
			buildSettings = {
				ALWAYS_SEARCH_USER_PATHS = NO;
				CLANG_ANALYZER_NONNULL = YES;
				CLANG_ANALYZER_NUMBER_OBJECT_CONVERSION = YES_AGGRESSIVE;
				CLANG_CXX_LANGUAGE_STANDARD = "gnu++14";
				CLANG_CXX_LIBRARY = "libc++";
				CLANG_ENABLE_MODULES = YES;
				CLANG_ENABLE_OBJC_ARC = YES;
				CLANG_ENABLE_OBJC_WEAK = YES;
				CLANG_WARN_BLOCK_CAPTURE_AUTORELEASING = YES;
				CLANG_WARN_BOOL_CONVERSION = YES;
				CLANG_WARN_COMMA = YES;
				CLANG_WARN_CONSTANT_CONVERSION = YES;
				CLANG_WARN_DEPRECATED_OBJC_IMPLEMENTATIONS = YES;
				CLANG_WARN_DIRECT_OBJC_ISA_USAGE = YES_ERROR;
				CLANG_WARN_DOCUMENTATION_COMMENTS = YES;
				CLANG_WARN_EMPTY_BODY = YES;
				CLANG_WARN_ENUM_CONVERSION = YES;
				CLANG_WARN_INFINITE_RECURSION = YES;
				CLANG_WARN_INT_CONVERSION = YES;
				CLANG_WARN_NON_LITERAL_NULL_CONVERSION = YES;
				CLANG_WARN_OBJC_IMPLICIT_RETAIN_SELF = YES;
				CLANG_WARN_OBJC_LITERAL_CONVERSION = YES;
				CLANG_WARN_OBJC_ROOT_CLASS = YES_ERROR;
				CLANG_WARN_RANGE_LOOP_ANALYSIS = YES;
				CLANG_WARN_STRICT_PROTOTYPES = YES;
				CLANG_WARN_SUSPICIOUS_MOVE = YES;
				CLANG_WARN_UNGUARDED_AVAILABILITY = YES_AGGRESSIVE;
				CLANG_WARN_UNREACHABLE_CODE = YES;
				CLANG_WARN__DUPLICATE_METHOD_MATCH = YES;
				CODE_SIGN_IDENTITY = "iPhone Developer";
				COPY_PHASE_STRIP = NO;
				DEBUG_INFORMATION_FORMAT = dwarf;
				ENABLE_STRICT_OBJC_MSGSEND = YES;
				ENABLE_TESTABILITY = YES;
				GCC_C_LANGUAGE_STANDARD = gnu11;
				GCC_DYNAMIC_NO_PIC = NO;
				GCC_NO_COMMON_BLOCKS = YES;
				GCC_OPTIMIZATION_LEVEL = 0;
				GCC_PREPROCESSOR_DEFINITIONS = (
					"DEBUG=1",
					"$(inherited)",
				);
				GCC_WARN_64_TO_32_BIT_CONVERSION = YES;
				GCC_WARN_ABOUT_RETURN_TYPE = YES_ERROR;
				GCC_WARN_UNDECLARED_SELECTOR = YES;
				GCC_WARN_UNINITIALIZED_AUTOS = YES_AGGRESSIVE;
				GCC_WARN_UNUSED_FUNCTION = YES;
				GCC_WARN_UNUSED_VARIABLE = YES;
				IPHONEOS_DEPLOYMENT_TARGET = 11.4;
				MTL_ENABLE_DEBUG_INFO = YES;
				ONLY_ACTIVE_ARCH = YES;
				SDKROOT = iphoneos;
				SWIFT_ACTIVE_COMPILATION_CONDITIONS = DEBUG;
				SWIFT_OPTIMIZATION_LEVEL = "-Onone";
			};
			name = Debug;
		};
		AE2F0620211DF55A003CB348 /* Release */ = {
			isa = XCBuildConfiguration;
			buildSettings = {
				ALWAYS_SEARCH_USER_PATHS = NO;
				CLANG_ANALYZER_NONNULL = YES;
				CLANG_ANALYZER_NUMBER_OBJECT_CONVERSION = YES_AGGRESSIVE;
				CLANG_CXX_LANGUAGE_STANDARD = "gnu++14";
				CLANG_CXX_LIBRARY = "libc++";
				CLANG_ENABLE_MODULES = YES;
				CLANG_ENABLE_OBJC_ARC = YES;
				CLANG_ENABLE_OBJC_WEAK = YES;
				CLANG_WARN_BLOCK_CAPTURE_AUTORELEASING = YES;
				CLANG_WARN_BOOL_CONVERSION = YES;
				CLANG_WARN_COMMA = YES;
				CLANG_WARN_CONSTANT_CONVERSION = YES;
				CLANG_WARN_DEPRECATED_OBJC_IMPLEMENTATIONS = YES;
				CLANG_WARN_DIRECT_OBJC_ISA_USAGE = YES_ERROR;
				CLANG_WARN_DOCUMENTATION_COMMENTS = YES;
				CLANG_WARN_EMPTY_BODY = YES;
				CLANG_WARN_ENUM_CONVERSION = YES;
				CLANG_WARN_INFINITE_RECURSION = YES;
				CLANG_WARN_INT_CONVERSION = YES;
				CLANG_WARN_NON_LITERAL_NULL_CONVERSION = YES;
				CLANG_WARN_OBJC_IMPLICIT_RETAIN_SELF = YES;
				CLANG_WARN_OBJC_LITERAL_CONVERSION = YES;
				CLANG_WARN_OBJC_ROOT_CLASS = YES_ERROR;
				CLANG_WARN_RANGE_LOOP_ANALYSIS = YES;
				CLANG_WARN_STRICT_PROTOTYPES = YES;
				CLANG_WARN_SUSPICIOUS_MOVE = YES;
				CLANG_WARN_UNGUARDED_AVAILABILITY = YES_AGGRESSIVE;
				CLANG_WARN_UNREACHABLE_CODE = YES;
				CLANG_WARN__DUPLICATE_METHOD_MATCH = YES;
				CODE_SIGN_IDENTITY = "iPhone Developer";
				COPY_PHASE_STRIP = NO;
				DEBUG_INFORMATION_FORMAT = "dwarf-with-dsym";
				ENABLE_NS_ASSERTIONS = NO;
				ENABLE_STRICT_OBJC_MSGSEND = YES;
				GCC_C_LANGUAGE_STANDARD = gnu11;
				GCC_NO_COMMON_BLOCKS = YES;
				GCC_WARN_64_TO_32_BIT_CONVERSION = YES;
				GCC_WARN_ABOUT_RETURN_TYPE = YES_ERROR;
				GCC_WARN_UNDECLARED_SELECTOR = YES;
				GCC_WARN_UNINITIALIZED_AUTOS = YES_AGGRESSIVE;
				GCC_WARN_UNUSED_FUNCTION = YES;
				GCC_WARN_UNUSED_VARIABLE = YES;
				IPHONEOS_DEPLOYMENT_TARGET = 11.4;
				MTL_ENABLE_DEBUG_INFO = NO;
				SDKROOT = iphoneos;
				SWIFT_COMPILATION_MODE = wholemodule;
				SWIFT_OPTIMIZATION_LEVEL = "-O";
				VALIDATE_PRODUCT = YES;
			};
			name = Release;
		};
		AE2F0622211DF55A003CB348 /* Debug */ = {
			isa = XCBuildConfiguration;
			buildSettings = {
				ASSETCATALOG_COMPILER_APPICON_NAME = AppIcon;
				CODE_SIGN_STYLE = Automatic;
				DEVELOPMENT_TEAM = 8WPS9B99AV;
				INFOPLIST_FILE = "Green City/Info.plist";
				LD_RUNPATH_SEARCH_PATHS = (
					"$(inherited)",
					"@executable_path/Frameworks",
				);
				PRODUCT_BUNDLE_IDENTIFIER = "BI.Green-City";
				PRODUCT_NAME = "$(TARGET_NAME)";
				SWIFT_VERSION = 4.0;
				TARGETED_DEVICE_FAMILY = "1,2";
			};
			name = Debug;
		};
		AE2F0623211DF55A003CB348 /* Release */ = {
			isa = XCBuildConfiguration;
			buildSettings = {
				ASSETCATALOG_COMPILER_APPICON_NAME = AppIcon;
				CODE_SIGN_STYLE = Automatic;
				DEVELOPMENT_TEAM = 8WPS9B99AV;
				INFOPLIST_FILE = "Green City/Info.plist";
				LD_RUNPATH_SEARCH_PATHS = (
					"$(inherited)",
					"@executable_path/Frameworks",
				);
				PRODUCT_BUNDLE_IDENTIFIER = "BI.Green-City";
				PRODUCT_NAME = "$(TARGET_NAME)";
				SWIFT_VERSION = 4.0;
				TARGETED_DEVICE_FAMILY = "1,2";
			};
			name = Release;
		};
		AE2F0625211DF55A003CB348 /* Debug */ = {
			isa = XCBuildConfiguration;
			buildSettings = {
				ALWAYS_EMBED_SWIFT_STANDARD_LIBRARIES = YES;
				CODE_SIGN_STYLE = Automatic;
				DEVELOPMENT_TEAM = 8WPS9B99AV;
				INFOPLIST_FILE = "Green CityUITests/Info.plist";
				LD_RUNPATH_SEARCH_PATHS = (
					"$(inherited)",
					"@executable_path/Frameworks",
					"@loader_path/Frameworks",
				);
				PRODUCT_BUNDLE_IDENTIFIER = "BI.Green-CityUITests";
				PRODUCT_NAME = "$(TARGET_NAME)";
				SWIFT_VERSION = 4.0;
				TARGETED_DEVICE_FAMILY = "1,2";
				TEST_TARGET_NAME = "Green City";
			};
			name = Debug;
		};
		AE2F0626211DF55A003CB348 /* Release */ = {
			isa = XCBuildConfiguration;
			buildSettings = {
				ALWAYS_EMBED_SWIFT_STANDARD_LIBRARIES = YES;
				CODE_SIGN_STYLE = Automatic;
				DEVELOPMENT_TEAM = 8WPS9B99AV;
				INFOPLIST_FILE = "Green CityUITests/Info.plist";
				LD_RUNPATH_SEARCH_PATHS = (
					"$(inherited)",
					"@executable_path/Frameworks",
					"@loader_path/Frameworks",
				);
				PRODUCT_BUNDLE_IDENTIFIER = "BI.Green-CityUITests";
				PRODUCT_NAME = "$(TARGET_NAME)";
				SWIFT_VERSION = 4.0;
				TARGETED_DEVICE_FAMILY = "1,2";
				TEST_TARGET_NAME = "Green City";
			};
			name = Release;
		};
/* End XCBuildConfiguration section */

/* Begin XCConfigurationList section */
		AE2F05FF211DF558003CB348 /* Build configuration list for PBXProject "Green City" */ = {
			isa = XCConfigurationList;
			buildConfigurations = (
				AE2F061F211DF55A003CB348 /* Debug */,
				AE2F0620211DF55A003CB348 /* Release */,
			);
			defaultConfigurationIsVisible = 0;
			defaultConfigurationName = Release;
		};
		AE2F0621211DF55A003CB348 /* Build configuration list for PBXNativeTarget "Green City" */ = {
			isa = XCConfigurationList;
			buildConfigurations = (
				AE2F0622211DF55A003CB348 /* Debug */,
				AE2F0623211DF55A003CB348 /* Release */,
			);
			defaultConfigurationIsVisible = 0;
			defaultConfigurationName = Release;
		};
		AE2F0624211DF55A003CB348 /* Build configuration list for PBXNativeTarget "Green CityUITests" */ = {
			isa = XCConfigurationList;
			buildConfigurations = (
				AE2F0625211DF55A003CB348 /* Debug */,
				AE2F0626211DF55A003CB348 /* Release */,
			);
			defaultConfigurationIsVisible = 0;
			defaultConfigurationName = Release;
		};
/* End XCConfigurationList section */
	};
	rootObject = AE2F05FC211DF558003CB348 /* Project object */;
}
